# This lockfile was autogenerated by Pants. To regenerate, run:
#
#    ./pants generate-lockfiles
#
# --- BEGIN PANTS LOCKFILE METADATA: DO NOT EDIT OR REMOVE ---
# {
#   "version": 1,
#   "generated_with_requirements": [
#     "aopalliance:aopalliance:1.0,url=not_provided,jar=not_provided",
#     "biz.aQute:bnd:0.0.384,url=not_provided,jar=not_provided",
#     "com.google.guava:guava-testlib:31.0.1-jre,url=not_provided,jar=not_provided",
#     "com.google.guava:guava:31.0.1-jre,url=not_provided,jar=not_provided",
#     "com.google.truth:truth:0.45,url=not_provided,jar=not_provided",
#     "javax.inject:javax.inject-tck:1,url=not_provided,jar=not_provided",
#     "javax.inject:javax.inject:1,url=not_provided,jar=not_provided",
#     "junit:junit:4.13.2,url=not_provided,jar=not_provided",
#     "org.apache.felix:org.apache.felix.framework:3.0.5,url=not_provided,jar=not_provided",
#     "org.ow2.asm:asm:9.2,url=not_provided,jar=not_provided",
#     "org.springframework:spring-beans:3.0.5.RELEASE,url=not_provided,jar=not_provided"
#   ]
# }
# --- END PANTS LOCKFILE METADATA ---

[[entries]]
directDependencies = []
dependencies = []
file_name = "aopalliance_aopalliance_1.0.jar"

[entries.coord]
group = "aopalliance"
artifact = "aopalliance"
version = "1.0"
packaging = "jar"
[entries.file_digest]
fingerprint = "0addec670fedcd3f113c5c8091d783280d23f75e3acb841b61a9cdb079376a08"
serialized_bytes_length = 4467
[[entries]]
directDependencies = []
dependencies = []
file_name = "biz.aQute_bnd_0.0.384.jar"

[entries.coord]
group = "biz.aQute"
artifact = "bnd"
version = "0.0.384"
packaging = "jar"
[entries.file_digest]
fingerprint = "590ea8403e0051981baa41870a21e25673f8d66ed8ba7651c022aea7067dd2e4"
serialized_bytes_length = 668180
[[entries]]
directDependencies = []
dependencies = []
file_name = "com.google.auto.value_auto-value-annotations_1.6.3.jar"

[entries.coord]
group = "com.google.auto.value"
artifact = "auto-value-annotations"
version = "1.6.3"
packaging = "jar"
[entries.file_digest]
fingerprint = "0e951fee8c31f60270bc46553a8586001b7b93dbb12aec06373aa99a150392c0"
serialized_bytes_length = 5906
[[entries]]
directDependencies = []
dependencies = []
file_name = "com.google.code.findbugs_jsr305_3.0.2.jar"

[entries.coord]
group = "com.google.code.findbugs"
artifact = "jsr305"
version = "3.0.2"
packaging = "jar"
[entries.file_digest]
fingerprint = "766ad2a0783f2687962c8ad74ceecc38a28b9f72a2d085ee438b7813e928d0c7"
serialized_bytes_length = 19936
[[entries]]
directDependencies = []
dependencies = []
file_name = "com.google.errorprone_error_prone_annotations_2.7.1.jar"

[entries.coord]
group = "com.google.errorprone"
artifact = "error_prone_annotations"
version = "2.7.1"
packaging = "jar"
[entries.file_digest]
fingerprint = "cd5257c08a246cf8628817ae71cb822be192ef91f6881ca4a3fcff4f1de1cff3"
serialized_bytes_length = 14835
[[entries]]
directDependencies = []
dependencies = []
file_name = "com.google.guava_failureaccess_1.0.1.jar"

[entries.coord]
group = "com.google.guava"
artifact = "failureaccess"
version = "1.0.1"
packaging = "jar"
[entries.file_digest]
fingerprint = "a171ee4c734dd2da837e4b16be9df4661afab72a41adaf31eb84dfdaf936ca26"
serialized_bytes_length = 4617
[[entries]]
file_name = "com.google.guava_guava-testlib_31.0.1-jre.jar"
[[entries.directDependencies]]
group = "com.google.j2objc"
artifact = "j2objc-annotations"
version = "1.3"
packaging = "jar"

[[entries.directDependencies]]
group = "com.google.code.findbugs"
artifact = "jsr305"
version = "3.0.2"
packaging = "jar"

[[entries.directDependencies]]
group = "com.google.errorprone"
artifact = "error_prone_annotations"
version = "2.7.1"
packaging = "jar"

[[entries.directDependencies]]
group = "org.checkerframework"
artifact = "checker-qual"
version = "3.12.0"
packaging = "jar"

[[entries.directDependencies]]
group = "junit"
artifact = "junit"
version = "4.13.2"
packaging = "jar"

[[entries.directDependencies]]
group = "com.google.guava"
artifact = "guava"
version = "31.0.1-jre"
packaging = "jar"

[[entries.dependencies]]
group = "com.google.guava"
artifact = "listenablefuture"
version = "9999.0-empty-to-avoid-conflict-with-guava"
packaging = "jar"

[[entries.dependencies]]
group = "com.google.j2objc"
artifact = "j2objc-annotations"
version = "1.3"
packaging = "jar"

[[entries.dependencies]]
group = "com.google.code.findbugs"
artifact = "jsr305"
version = "3.0.2"
packaging = "jar"

[[entries.dependencies]]
group = "com.google.errorprone"
artifact = "error_prone_annotations"
version = "2.7.1"
packaging = "jar"

[[entries.dependencies]]
group = "org.hamcrest"
artifact = "hamcrest-core"
version = "1.3"
packaging = "jar"

[[entries.dependencies]]
group = "org.checkerframework"
artifact = "checker-qual"
version = "3.12.0"
packaging = "jar"

[[entries.dependencies]]
group = "com.google.guava"
artifact = "failureaccess"
version = "1.0.1"
packaging = "jar"

[[entries.dependencies]]
group = "junit"
artifact = "junit"
version = "4.13.2"
packaging = "jar"

[[entries.dependencies]]
group = "com.google.guava"
artifact = "guava"
version = "31.0.1-jre"
packaging = "jar"


[entries.coord]
group = "com.google.guava"
artifact = "guava-testlib"
version = "31.0.1-jre"
packaging = "jar"
[entries.file_digest]
fingerprint = "22b08178b92c540553be9231d74d682cf7d65bce244903e64aca1e8715ec5b87"
serialized_bytes_length = 845607
[[entries]]
file_name = "com.google.guava_guava_31.0.1-jre.jar"
[[entries.directDependencies]]
group = "com.google.guava"
artifact = "listenablefuture"
version = "9999.0-empty-to-avoid-conflict-with-guava"
packaging = "jar"

[[entries.directDependencies]]
group = "com.google.j2objc"
artifact = "j2objc-annotations"
version = "1.3"
packaging = "jar"

[[entries.directDependencies]]
group = "com.google.code.findbugs"
artifact = "jsr305"
version = "3.0.2"
packaging = "jar"

[[entries.directDependencies]]
group = "com.google.errorprone"
artifact = "error_prone_annotations"
version = "2.7.1"
packaging = "jar"

[[entries.directDependencies]]
group = "org.checkerframework"
artifact = "checker-qual"
version = "3.12.0"
packaging = "jar"

[[entries.directDependencies]]
group = "com.google.guava"
artifact = "failureaccess"
version = "1.0.1"
packaging = "jar"

[[entries.dependencies]]
group = "com.google.guava"
artifact = "listenablefuture"
version = "9999.0-empty-to-avoid-conflict-with-guava"
packaging = "jar"

[[entries.dependencies]]
group = "com.google.j2objc"
artifact = "j2objc-annotations"
version = "1.3"
packaging = "jar"

[[entries.dependencies]]
group = "com.google.code.findbugs"
artifact = "jsr305"
version = "3.0.2"
packaging = "jar"

[[entries.dependencies]]
group = "com.google.errorprone"
artifact = "error_prone_annotations"
version = "2.7.1"
packaging = "jar"

[[entries.dependencies]]
group = "org.checkerframework"
artifact = "checker-qual"
version = "3.12.0"
packaging = "jar"

[[entries.dependencies]]
group = "com.google.guava"
artifact = "failureaccess"
version = "1.0.1"
packaging = "jar"


[entries.coord]
group = "com.google.guava"
artifact = "guava"
version = "31.0.1-jre"
packaging = "jar"
[entries.file_digest]
fingerprint = "d5be94d65e87bd219fb3193ad1517baa55a3b88fc91d21cf735826ab5af087b9"
serialized_bytes_length = 2974216
[[entries]]
directDependencies = []
dependencies = []
file_name = "com.google.guava_listenablefuture_9999.0-empty-to-avoid-conflict-with-guava.jar"

[entries.coord]
group = "com.google.guava"
artifact = "listenablefuture"
version = "9999.0-empty-to-avoid-conflict-with-guava"
packaging = "jar"
[entries.file_digest]
fingerprint = "b372a037d4230aa57fbeffdef30fd6123f9c0c2db85d0aced00c91b974f33f99"
serialized_bytes_length = 2199
[[entries]]
directDependencies = []
dependencies = []
file_name = "com.google.j2objc_j2objc-annotations_1.3.jar"

[entries.coord]
group = "com.google.j2objc"
artifact = "j2objc-annotations"
version = "1.3"
packaging = "jar"
[entries.file_digest]
fingerprint = "21af30c92267bd6122c0e0b4d20cccb6641a37eaf956c6540ec471d584e64a7b"
serialized_bytes_length = 8781
[[entries]]
file_name = "com.google.truth_truth_0.45.jar"
[[entries.directDependencies]]
group = "com.google.errorprone"
artifact = "error_prone_annotations"
version = "2.7.1"
packaging = "jar"

[[entries.directDependencies]]
group = "com.googlecode.java-diff-utils"
artifact = "diffutils"
version = "1.3.0"
packaging = "jar"

[[entries.directDependencies]]
group = "junit"
artifact = "junit"
version = "4.13.2"
packaging = "jar"

[[entries.directDependencies]]
group = "com.google.guava"
artifact = "guava"
version = "31.0.1-jre"
packaging = "jar"

[[entries.directDependencies]]
group = "com.google.auto.value"
artifact = "auto-value-annotations"
version = "1.6.3"
packaging = "jar"

[[entries.directDependencies]]
group = "org.checkerframework"
artifact = "checker-compat-qual"
version = "2.5.5"
packaging = "jar"

[[entries.dependencies]]
group = "com.google.errorprone"
artifact = "error_prone_annotations"
version = "2.7.1"
packaging = "jar"

[[entries.dependencies]]
group = "com.googlecode.java-diff-utils"
artifact = "diffutils"
version = "1.3.0"
packaging = "jar"

[[entries.dependencies]]
group = "junit"
artifact = "junit"
version = "4.13.2"
packaging = "jar"

[[entries.dependencies]]
group = "com.google.guava"
artifact = "guava"
version = "31.0.1-jre"
packaging = "jar"

[[entries.dependencies]]
group = "com.google.auto.value"
artifact = "auto-value-annotations"
version = "1.6.3"
packaging = "jar"

[[entries.dependencies]]
group = "org.checkerframework"
artifact = "checker-compat-qual"
version = "2.5.5"
packaging = "jar"


[entries.coord]
group = "com.google.truth"
artifact = "truth"
version = "0.45"
packaging = "jar"
[entries.file_digest]
fingerprint = "0f7dced2a16e55a77e44fc3ff9c5be98d4bf4bb30abc18d78ffd735df950a69f"
serialized_bytes_length = 257064
[[entries]]
directDependencies = []
dependencies = []
file_name = "com.googlecode.java-diff-utils_diffutils_1.3.0.jar"

[entries.coord]
group = "com.googlecode.java-diff-utils"
artifact = "diffutils"
version = "1.3.0"
packaging = "jar"
[entries.file_digest]
fingerprint = "61ba4dc49adca95243beaa0569adc2a23aedb5292ae78aa01186fa782ebdc5c2"
serialized_bytes_length = 34130
[[entries]]
directDependencies = []
dependencies = []
file_name = "commons-logging_commons-logging_1.1.1.jar"

[entries.coord]
group = "commons-logging"
artifact = "commons-logging"
version = "1.1.1"
packaging = "jar"
[entries.file_digest]
fingerprint = "ce6f913cad1f0db3aad70186d65c5bc7ffcc9a99e3fe8e0b137312819f7c362f"
serialized_bytes_length = 60686
[[entries]]
file_name = "javax.inject_javax.inject-tck_1.jar"
[[entries.directDependencies]]
group = "javax.inject"
artifact = "javax.inject"
version = "1"
packaging = "jar"

[[entries.directDependencies]]
group = "junit"
artifact = "junit"
version = "4.13.2"
packaging = "jar"

[[entries.dependencies]]
group = "javax.inject"
artifact = "javax.inject"
version = "1"
packaging = "jar"

[[entries.dependencies]]
group = "junit"
artifact = "junit"
version = "4.13.2"
packaging = "jar"


[entries.coord]
group = "javax.inject"
artifact = "javax.inject-tck"
version = "1"
packaging = "jar"
[entries.file_digest]
fingerprint = "4a8058994e3c9ef8711f8aebef1276ff46f751fdd81cebd718a327fbaa19470c"
serialized_bytes_length = 21757
[[entries]]
directDependencies = []
dependencies = []
file_name = "javax.inject_javax.inject_1.jar"

[entries.coord]
group = "javax.inject"
artifact = "javax.inject"
version = "1"
packaging = "jar"
[entries.file_digest]
fingerprint = "91c77044a50c481636c32d916fd89c9118a72195390452c81065080f957de7ff"
serialized_bytes_length = 2497
[[entries]]
file_name = "junit_junit_4.13.2.jar"
[[entries.directDependencies]]
group = "org.hamcrest"
artifact = "hamcrest-core"
version = "1.3"
packaging = "jar"

[[entries.dependencies]]
group = "org.hamcrest"
artifact = "hamcrest-core"
version = "1.3"
packaging = "jar"


[entries.coord]
group = "junit"
artifact = "junit"
version = "4.13.2"
packaging = "jar"
[entries.file_digest]
fingerprint = "8e495b634469d64fb8acfa3495a065cbacc8a0fff55ce1e31007be4c16dc57d3"
serialized_bytes_length = 384581
[[entries]]
directDependencies = []
dependencies = []
file_name = "org.apache.felix_org.apache.felix.framework_3.0.5.jar"

[entries.coord]
group = "org.apache.felix"
artifact = "org.apache.felix.framework"
version = "3.0.5"
packaging = "jar"
[entries.file_digest]
fingerprint = "d9ca5d5862763634a57f6e9601961326ea2169942af645cccfcbf7be88464c6d"
serialized_bytes_length = 389227
[[entries]]
directDependencies = []
dependencies = []
file_name = "org.checkerframework_checker-compat-qual_2.5.5.jar"

[entries.coord]
group = "org.checkerframework"
artifact = "checker-compat-qual"
version = "2.5.5"
packaging = "jar"
[entries.file_digest]
fingerprint = "11d134b245e9cacc474514d2d66b5b8618f8039a1465cdc55bbc0b34e0008b7a"
serialized_bytes_length = 5852
[[entries]]
directDependencies = []
dependencies = []
file_name = "org.checkerframework_checker-qual_3.12.0.jar"

[entries.coord]
group = "org.checkerframework"
artifact = "checker-qual"
version = "3.12.0"
packaging = "jar"
[entries.file_digest]
fingerprint = "ff10785ac2a357ec5de9c293cb982a2cbb605c0309ea4cc1cb9b9bc6dbe7f3cb"
serialized_bytes_length = 208835
[[entries]]
directDependencies = []
dependencies = []
file_name = "org.hamcrest_hamcrest-core_1.3.jar"

[entries.coord]
group = "org.hamcrest"
artifact = "hamcrest-core"
version = "1.3"
packaging = "jar"
[entries.file_digest]
fingerprint = "66fdef91e9739348df7a096aa384a5685f4e875584cce89386a7a47251c4d8e9"
serialized_bytes_length = 45024
[[entries]]
directDependencies = []
dependencies = []
file_name = "org.ow2.asm_asm_9.2.jar"

[entries.coord]
group = "org.ow2.asm"
artifact = "asm"
version = "9.2"
packaging = "jar"
[entries.file_digest]
fingerprint = "b9d4fe4d71938df38839f0eca42aaaa64cf8b313d678da036f0cb3ca199b47f5"
serialized_bytes_length = 122004
[[entries]]
directDependencies = []
dependencies = []
file_name = "org.springframework_spring-asm_3.0.5.RELEASE.jar"

[entries.coord]
group = "org.springframework"
artifact = "spring-asm"
version = "3.0.5.RELEASE"
packaging = "jar"
[entries.file_digest]
fingerprint = "8cd3ef5b3bcd71a50c579502bb714ad102ed01dc842e34e1b4e6ff5aefb49668"
serialized_bytes_length = 53082
[[entries]]
file_name = "org.springframework_spring-beans_3.0.5.RELEASE.jar"
[[entries.directDependencies]]
group = "org.springframework"
artifact = "spring-core"
version = "3.0.5.RELEASE"
packaging = "jar"

[[entries.dependencies]]
group = "org.springframework"
artifact = "spring-core"
version = "3.0.5.RELEASE"
packaging = "jar"

[[entries.dependencies]]
group = "commons-logging"
artifact = "commons-logging"
version = "1.1.1"
packaging = "jar"

[[entries.dependencies]]
group = "org.springframework"
artifact = "spring-asm"
version = "3.0.5.RELEASE"
packaging = "jar"


[entries.coord]
group = "org.springframework"
artifact = "spring-beans"
version = "3.0.5.RELEASE"
packaging = "jar"
[entries.file_digest]
fingerprint = "ab6c3906ea07d6652633538c67014eb840b4fd57fba1fc6dc47152013dc50106"
serialized_bytes_length = 555410
[[entries]]
file_name = "org.springframework_spring-core_3.0.5.RELEASE.jar"
[[entries.directDependencies]]
group = "commons-logging"
artifact = "commons-logging"
version = "1.1.1"
packaging = "jar"

[[entries.directDependencies]]
group = "org.springframework"
artifact = "spring-asm"
version = "3.0.5.RELEASE"
packaging = "jar"

[[entries.dependencies]]
group = "commons-logging"
artifact = "commons-logging"
version = "1.1.1"
packaging = "jar"

[[entries.dependencies]]
group = "org.springframework"
artifact = "spring-asm"
version = "3.0.5.RELEASE"
packaging = "jar"


[entries.coord]
group = "org.springframework"
artifact = "spring-core"
version = "3.0.5.RELEASE"
packaging = "jar"
[entries.file_digest]
fingerprint = "cf80205e47e25278774f1fbdedbd1afb0813044deb4b404a7cf75b3b3d626cd9"
serialized_bytes_length = 382442
